
Microsoft Visual Studio Solution File, Format Version 12.00
# Visual Studio Version 16
VisualStudioVersion = 16.0.29326.143
MinimumVisualStudioVersion = 10.0.40219.1
Project("{9A19103F-16F7-4668-BE54-9A1E7A4F7556}") = "QuestaoStackOverflow", "QuestaoStackOverflow\QuestaoStackOverflow.csproj", "{70094640-B7A3-4E9E-89E1-1C584CDA0D6B}"
EndProject
Global
	GlobalSection(SolutionConfigurationPlatforms) = preSolution
		Debug|Any CPU = Debug|Any CPU
		Release|Any CPU = Release|Any CPU
	EndGlobalSection
	GlobalSection(ProjectConfigurationPlatforms) = postSolution
		{70094640-B7A3-4E9E-89E1-1C584CDA0D6B}.Debug|Any CPU.ActiveCfg = Debug|Any CPU
		{70094640-B7A3-4E9E-89E1-1C584CDA0D6B}.Debug|Any CPU.Build.0 = Debug|Any CPU
		{70094640-B7A3-4E9E-89E1-1C584CDA0D6B}.Release|Any CPU.ActiveCfg = Release|Any CPU
		{70094640-B7A3-4E9E-89E1-1C584CDA0D6B}.Release|Any CPU.Build.0 = Release|Any CPU
	EndGlobalSection
	GlobalSection(SolutionProperties) = preSolution
		HideSolutionNode = FALSE
	EndGlobalSection
	GlobalSection(ExtensibilityGlobals) = postSolution
		SolutionGuid = {CFD830CF-1163-458C-BA5B-99044D60BB56}
	EndGlobalSection
EndGlobal
